// !$*UTF8*$!
{
	archiveVersion = 1;
	classes = {
	};
	objectVersion = 46;
	objects = {

/* Begin PBXBuildFile section */
		52B7E840F1F752B88E9A59C8 /* libPods-OneOtwo.a in Frameworks */ = {isa = PBXBuildFile; fileRef = 63A59BE223E9CB5D2C288A22 /* libPods-OneOtwo.a */; };
		D946E9F91ECC40520087EBFF /* MBProgressHUD+NJ.m in Sources */ = {isa = PBXBuildFile; fileRef = D946E9F51ECC40510087EBFF /* MBProgressHUD+NJ.m */; };
		D946E9FA1ECC40520087EBFF /* MBProgressHUD.bundle in Resources */ = {isa = PBXBuildFile; fileRef = D946E9F61ECC40510087EBFF /* MBProgressHUD.bundle */; };
		D946E9FB1ECC40520087EBFF /* MBProgressHUD.m in Sources */ = {isa = PBXBuildFile; fileRef = D946E9F81ECC40520087EBFF /* MBProgressHUD.m */; };
		D946E9FD1ECC40D70087EBFF /* Assets.xcassets in Resources */ = {isa = PBXBuildFile; fileRef = D946E9FC1ECC40D70087EBFF /* Assets.xcassets */; };
		D98D09781ECAAD6800EDB5B8 /* main.m in Sources */ = {isa = PBXBuildFile; fileRef = D98D09771ECAAD6800EDB5B8 /* main.m */; };
		D98D097B1ECAAD6800EDB5B8 /* AppDelegate.m in Sources */ = {isa = PBXBuildFile; fileRef = D98D097A1ECAAD6800EDB5B8 /* AppDelegate.m */; };
		D98D097E1ECAAD6800EDB5B8 /* ViewController.m in Sources */ = {isa = PBXBuildFile; fileRef = D98D097D1ECAAD6800EDB5B8 /* ViewController.m */; };
		D98D09811ECAAD6800EDB5B8 /* Main.storyboard in Resources */ = {isa = PBXBuildFile; fileRef = D98D097F1ECAAD6800EDB5B8 /* Main.storyboard */; };
		D98D09861ECAAD6800EDB5B8 /* LaunchScreen.storyboard in Resources */ = {isa = PBXBuildFile; fileRef = D98D09841ECAAD6800EDB5B8 /* LaunchScreen.storyboard */; };
		D98D09911ECAAD6800EDB5B8 /* OneOtwoTests.m in Sources */ = {isa = PBXBuildFile; fileRef = D98D09901ECAAD6800EDB5B8 /* OneOtwoTests.m */; };
		D98D099C1ECAAD6800EDB5B8 /* OneOtwoUITests.m in Sources */ = {isa = PBXBuildFile; fileRef = D98D099B1ECAAD6800EDB5B8 /* OneOtwoUITests.m */; };
/* End PBXBuildFile section */

/* Begin PBXContainerItemProxy section */
		D98D098D1ECAAD6800EDB5B8 /* PBXContainerItemProxy */ = {
			isa = PBXContainerItemProxy;
			containerPortal = D98D096B1ECAAD6800EDB5B8 /* Project object */;
			proxyType = 1;
			remoteGlobalIDString = D98D09721ECAAD6800EDB5B8;
			remoteInfo = OneOtwo;
		};
		D98D09981ECAAD6800EDB5B8 /* PBXContainerItemProxy */ = {
			isa = PBXContainerItemProxy;
			containerPortal = D98D096B1ECAAD6800EDB5B8 /* Project object */;
			proxyType = 1;
			remoteGlobalIDString = D98D09721ECAAD6800EDB5B8;
			remoteInfo = OneOtwo;
		};
/* End PBXContainerItemProxy section */

/* Begin PBXFileReference section */
		63A59BE223E9CB5D2C288A22 /* libPods-OneOtwo.a */ = {isa = PBXFileReference; explicitFileType = archive.ar; includeInIndex = 0; path = "libPods-OneOtwo.a"; sourceTree = BUILT_PRODUCTS_DIR; };
		9B546DCBBFB6DB4125ACDAC8 /* Pods-OneOtwo.release.xcconfig */ = {isa = PBXFileReference; includeInIndex = 1; lastKnownFileType = text.xcconfig; name = "Pods-OneOtwo.release.xcconfig"; path = "Pods/Target Support Files/Pods-OneOtwo/Pods-OneOtwo.release.xcconfig"; sourceTree = "<group>"; };
		D946E9F41ECC40510087EBFF /* MBProgressHUD+NJ.h */ = {isa = PBXFileReference; fileEncoding = 4; lastKnownFileType = sourcecode.c.h; path = "MBProgressHUD+NJ.h"; sourceTree = "<group>"; };
		D946E9F51ECC40510087EBFF /* MBProgressHUD+NJ.m */ = {isa = PBXFileReference; fileEncoding = 4; lastKnownFileType = sourcecode.c.objc; path = "MBProgressHUD+NJ.m"; sourceTree = "<group>"; };
		D946E9F61ECC40510087EBFF /* MBProgressHUD.bundle */ = {isa = PBXFileReference; lastKnownFileType = "wrapper.plug-in"; path = MBProgressHUD.bundle; sourceTree = "<group>"; };
		D946E9F71ECC40520087EBFF /* MBProgressHUD.h */ = {isa = PBXFileReference; fileEncoding = 4; lastKnownFileType = sourcecode.c.h; path = MBProgressHUD.h; sourceTree = "<group>"; };
		D946E9F81ECC40520087EBFF /* MBProgressHUD.m */ = {isa = PBXFileReference; fileEncoding = 4; lastKnownFileType = sourcecode.c.objc; path = MBProgressHUD.m; sourceTree = "<group>"; };
		D946E9FC1ECC40D70087EBFF /* Assets.xcassets */ = {isa = PBXFileReference; lastKnownFileType = folder.assetcatalog; path = Assets.xcassets; sourceTree = "<group>"; };
		D986D5E01ECC2AC500656C16 /* ToolsHeader.h */ = {isa = PBXFileReference; lastKnownFileType = sourcecode.c.h; path = ToolsHeader.h; sourceTree = "<group>"; };
		D986D5E11ECC2AF700656C16 /* OneOTwoPrefixHeader.pch */ = {isa = PBXFileReference; lastKnownFileType = sourcecode.c.h; path = OneOTwoPrefixHeader.pch; sourceTree = "<group>"; };
		D98D09731ECAAD6800EDB5B8 /* OneOtwo.app */ = {isa = PBXFileReference; explicitFileType = wrapper.application; includeInIndex = 0; path = OneOtwo.app; sourceTree = BUILT_PRODUCTS_DIR; };
		D98D09771ECAAD6800EDB5B8 /* main.m */ = {isa = PBXFileReference; lastKnownFileType = sourcecode.c.objc; path = main.m; sourceTree = "<group>"; };
		D98D09791ECAAD6800EDB5B8 /* AppDelegate.h */ = {isa = PBXFileReference; lastKnownFileType = sourcecode.c.h; path = AppDelegate.h; sourceTree = "<group>"; };
		D98D097A1ECAAD6800EDB5B8 /* AppDelegate.m */ = {isa = PBXFileReference; lastKnownFileType = sourcecode.c.objc; path = AppDelegate.m; sourceTree = "<group>"; };
		D98D097C1ECAAD6800EDB5B8 /* ViewController.h */ = {isa = PBXFileReference; lastKnownFileType = sourcecode.c.h; path = ViewController.h; sourceTree = "<group>"; };
		D98D097D1ECAAD6800EDB5B8 /* ViewController.m */ = {isa = PBXFileReference; lastKnownFileType = sourcecode.c.objc; path = ViewController.m; sourceTree = "<group>"; };
		D98D09801ECAAD6800EDB5B8 /* Base */ = {isa = PBXFileReference; lastKnownFileType = file.storyboard; name = Base; path = Base.lproj/Main.storyboard; sourceTree = "<group>"; };
		D98D09851ECAAD6800EDB5B8 /* Base */ = {isa = PBXFileReference; lastKnownFileType = file.storyboard; name = Base; path = Base.lproj/LaunchScreen.storyboard; sourceTree = "<group>"; };
		D98D09871ECAAD6800EDB5B8 /* Info.plist */ = {isa = PBXFileReference; lastKnownFileType = text.plist.xml; path = Info.plist; sourceTree = "<group>"; };
		D98D098C1ECAAD6800EDB5B8 /* OneOtwoTests.xctest */ = {isa = PBXFileReference; explicitFileType = wrapper.cfbundle; includeInIndex = 0; path = OneOtwoTests.xctest; sourceTree = BUILT_PRODUCTS_DIR; };
		D98D09901ECAAD6800EDB5B8 /* OneOtwoTests.m */ = {isa = PBXFileReference; lastKnownFileType = sourcecode.c.objc; path = OneOtwoTests.m; sourceTree = "<group>"; };
		D98D09921ECAAD6800EDB5B8 /* Info.plist */ = {isa = PBXFileReference; lastKnownFileType = text.plist.xml; path = Info.plist; sourceTree = "<group>"; };
		D98D09971ECAAD6800EDB5B8 /* OneOtwoUITests.xctest */ = {isa = PBXFileReference; explicitFileType = wrapper.cfbundle; includeInIndex = 0; path = OneOtwoUITests.xctest; sourceTree = BUILT_PRODUCTS_DIR; };
		D98D099B1ECAAD6800EDB5B8 /* OneOtwoUITests.m */ = {isa = PBXFileReference; lastKnownFileType = sourcecode.c.objc; path = OneOtwoUITests.m; sourceTree = "<group>"; };
		D98D099D1ECAAD6800EDB5B8 /* Info.plist */ = {isa = PBXFileReference; lastKnownFileType = text.plist.xml; path = Info.plist; sourceTree = "<group>"; };
		F714653E37B23CA10A2F2525 /* Pods-OneOtwo.debug.xcconfig */ = {isa = PBXFileReference; includeInIndex = 1; lastKnownFileType = text.xcconfig; name = "Pods-OneOtwo.debug.xcconfig"; path = "Pods/Target Support Files/Pods-OneOtwo/Pods-OneOtwo.debug.xcconfig"; sourceTree = "<group>"; };
/* End PBXFileReference section */

/* Begin PBXFrameworksBuildPhase section */
		D98D09701ECAAD6800EDB5B8 /* Frameworks */ = {
			isa = PBXFrameworksBuildPhase;
			buildActionMask = 2147483647;
			files = (
				52B7E840F1F752B88E9A59C8 /* libPods-OneOtwo.a in Frameworks */,
			);
			runOnlyForDeploymentPostprocessing = 0;
		};
		D98D09891ECAAD6800EDB5B8 /* Frameworks */ = {
			isa = PBXFrameworksBuildPhase;
			buildActionMask = 2147483647;
			files = (
			);
			runOnlyForDeploymentPostprocessing = 0;
		};
		D98D09941ECAAD6800EDB5B8 /* Frameworks */ = {
			isa = PBXFrameworksBuildPhase;
			buildActionMask = 2147483647;
			files = (
			);
			runOnlyForDeploymentPostprocessing = 0;
		};
/* End PBXFrameworksBuildPhase section */

/* Begin PBXGroup section */
		542F0AC379513272D58A66F3 /* Frameworks */ = {
			isa = PBXGroup;
			children = (
				63A59BE223E9CB5D2C288A22 /* libPods-OneOtwo.a */,
			);
			name = Frameworks;
			sourceTree = "<group>";
		};
		6DFBDAC43EEAE7544F060F98 /* Pods */ = {
			isa = PBXGroup;
			children = (
				F714653E37B23CA10A2F2525 /* Pods-OneOtwo.debug.xcconfig */,
				9B546DCBBFB6DB4125ACDAC8 /* Pods-OneOtwo.release.xcconfig */,
			);
			name = Pods;
			sourceTree = "<group>";
		};
		D946E9F01ECC40510087EBFF /* Public */ = {
			isa = PBXGroup;
			children = (
				D946E9F11ECC40510087EBFF /* Base */,
				D946E9F21ECC40510087EBFF /* Third */,
			);
			path = Public;
			sourceTree = "<group>";
		};
		D946E9F11ECC40510087EBFF /* Base */ = {
			isa = PBXGroup;
			children = (
			);
			path = Base;
			sourceTree = "<group>";
		};
		D946E9F21ECC40510087EBFF /* Third */ = {
			isa = PBXGroup;
			children = (
				D946E9F31ECC40510087EBFF /* MBProgressHUD */,
			);
			path = Third;
			sourceTree = "<group>";
		};
		D946E9F31ECC40510087EBFF /* MBProgressHUD */ = {
			isa = PBXGroup;
			children = (
				D946E9F41ECC40510087EBFF /* MBProgressHUD+NJ.h */,
				D946E9F51ECC40510087EBFF /* MBProgressHUD+NJ.m */,
				D946E9F61ECC40510087EBFF /* MBProgressHUD.bundle */,
				D946E9F71ECC40520087EBFF /* MBProgressHUD.h */,
				D946E9F81ECC40520087EBFF /* MBProgressHUD.m */,
			);
			path = MBProgressHUD;
			sourceTree = "<group>";
		};
		D98D096A1ECAAD6800EDB5B8 = {
			isa = PBXGroup;
			children = (
				D98D09751ECAAD6800EDB5B8 /* OneOtwo */,
				D98D098F1ECAAD6800EDB5B8 /* OneOtwoTests */,
				D98D099A1ECAAD6800EDB5B8 /* OneOtwoUITests */,
				D98D09741ECAAD6800EDB5B8 /* Products */,
				6DFBDAC43EEAE7544F060F98 /* Pods */,
				542F0AC379513272D58A66F3 /* Frameworks */,
			);
			sourceTree = "<group>";
		};
		D98D09741ECAAD6800EDB5B8 /* Products */ = {
			isa = PBXGroup;
			children = (
				D98D09731ECAAD6800EDB5B8 /* OneOtwo.app */,
				D98D098C1ECAAD6800EDB5B8 /* OneOtwoTests.xctest */,
				D98D09971ECAAD6800EDB5B8 /* OneOtwoUITests.xctest */,
			);
			name = Products;
			sourceTree = "<group>";
		};
		D98D09751ECAAD6800EDB5B8 /* OneOtwo */ = {
			isa = PBXGroup;
			children = (
				D946E9F01ECC40510087EBFF /* Public */,
				D98D09761ECAAD6800EDB5B8 /* Supporting Files */,
			);
			path = OneOtwo;
			sourceTree = "<group>";
		};
		D98D09761ECAAD6800EDB5B8 /* Supporting Files */ = {
			isa = PBXGroup;
			children = (
				D98D09791ECAAD6800EDB5B8 /* AppDelegate.h */,
				D98D097A1ECAAD6800EDB5B8 /* AppDelegate.m */,
				D98D097C1ECAAD6800EDB5B8 /* ViewController.h */,
				D98D097D1ECAAD6800EDB5B8 /* ViewController.m */,
				D98D097F1ECAAD6800EDB5B8 /* Main.storyboard */,
				D98D09841ECAAD6800EDB5B8 /* LaunchScreen.storyboard */,
				D946E9FC1ECC40D70087EBFF /* Assets.xcassets */,
				D98D09871ECAAD6800EDB5B8 /* Info.plist */,
				D98D09771ECAAD6800EDB5B8 /* main.m */,
				D986D5E01ECC2AC500656C16 /* ToolsHeader.h */,
				D986D5E11ECC2AF700656C16 /* OneOTwoPrefixHeader.pch */,
			);
			name = "Supporting Files";
			sourceTree = "<group>";
		};
		D98D098F1ECAAD6800EDB5B8 /* OneOtwoTests */ = {
			isa = PBXGroup;
			children = (
				D98D09901ECAAD6800EDB5B8 /* OneOtwoTests.m */,
				D98D09921ECAAD6800EDB5B8 /* Info.plist */,
			);
			path = OneOtwoTests;
			sourceTree = "<group>";
		};
		D98D099A1ECAAD6800EDB5B8 /* OneOtwoUITests */ = {
			isa = PBXGroup;
			children = (
				D98D099B1ECAAD6800EDB5B8 /* OneOtwoUITests.m */,
				D98D099D1ECAAD6800EDB5B8 /* Info.plist */,
			);
			path = OneOtwoUITests;
			sourceTree = "<group>";
		};
/* End PBXGroup section */

/* Begin PBXNativeTarget section */
		D98D09721ECAAD6800EDB5B8 /* OneOtwo */ = {
			isa = PBXNativeTarget;
			buildConfigurationList = D98D09A01ECAAD6800EDB5B8 /* Build configuration list for PBXNativeTarget "OneOtwo" */;
			buildPhases = (
				C24E5518138A52C4F2FAA402 /* [CP] Check Pods Manifest.lock */,
				D98D096F1ECAAD6800EDB5B8 /* Sources */,
				D98D09701ECAAD6800EDB5B8 /* Frameworks */,
				D98D09711ECAAD6800EDB5B8 /* Resources */,
				4BD8E620CD5E534256133A23 /* [CP] Embed Pods Frameworks */,
				6B5C1B1FC69DB6E918D4BEE8 /* [CP] Copy Pods Resources */,
			);
			buildRules = (
			);
			dependencies = (
			);
			name = OneOtwo;
			productName = OneOtwo;
			productReference = D98D09731ECAAD6800EDB5B8 /* OneOtwo.app */;
			productType = "com.apple.product-type.application";
		};
		D98D098B1ECAAD6800EDB5B8 /* OneOtwoTests */ = {
			isa = PBXNativeTarget;
			buildConfigurationList = D98D09A31ECAAD6800EDB5B8 /* Build configuration list for PBXNativeTarget "OneOtwoTests" */;
			buildPhases = (
				D98D09881ECAAD6800EDB5B8 /* Sources */,
				D98D09891ECAAD6800EDB5B8 /* Frameworks */,
				D98D098A1ECAAD6800EDB5B8 /* Resources */,
			);
			buildRules = (
			);
			dependencies = (
				D98D098E1ECAAD6800EDB5B8 /* PBXTargetDependency */,
			);
			name = OneOtwoTests;
			productName = OneOtwoTests;
			productReference = D98D098C1ECAAD6800EDB5B8 /* OneOtwoTests.xctest */;
			productType = "com.apple.product-type.bundle.unit-test";
		};
		D98D09961ECAAD6800EDB5B8 /* OneOtwoUITests */ = {
			isa = PBXNativeTarget;
			buildConfigurationList = D98D09A61ECAAD6800EDB5B8 /* Build configuration list for PBXNativeTarget "OneOtwoUITests" */;
			buildPhases = (
				D98D09931ECAAD6800EDB5B8 /* Sources */,
				D98D09941ECAAD6800EDB5B8 /* Frameworks */,
				D98D09951ECAAD6800EDB5B8 /* Resources */,
			);
			buildRules = (
			);
			dependencies = (
				D98D09991ECAAD6800EDB5B8 /* PBXTargetDependency */,
			);
			name = OneOtwoUITests;
			productName = OneOtwoUITests;
			productReference = D98D09971ECAAD6800EDB5B8 /* OneOtwoUITests.xctest */;
			productType = "com.apple.product-type.bundle.ui-testing";
		};
/* End PBXNativeTarget section */

/* Begin PBXProject section */
		D98D096B1ECAAD6800EDB5B8 /* Project object */ = {
			isa = PBXProject;
			attributes = {
				LastUpgradeCheck = 0830;
				ORGANIZATIONNAME = "郭良烜";
				TargetAttributes = {
					D98D09721ECAAD6800EDB5B8 = {
						CreatedOnToolsVersion = 8.3.2;
						DevelopmentTeam = LSX7L7U8WD;
						ProvisioningStyle = Automatic;
					};
					D98D098B1ECAAD6800EDB5B8 = {
						CreatedOnToolsVersion = 8.3.2;
						ProvisioningStyle = Automatic;
						TestTargetID = D98D09721ECAAD6800EDB5B8;
					};
					D98D09961ECAAD6800EDB5B8 = {
						CreatedOnToolsVersion = 8.3.2;
						ProvisioningStyle = Automatic;
						TestTargetID = D98D09721ECAAD6800EDB5B8;
					};
				};
			};
			buildConfigurationList = D98D096E1ECAAD6800EDB5B8 /* Build configuration list for PBXProject "OneOtwo" */;
			compatibilityVersion = "Xcode 3.2";
			developmentRegion = English;
			hasScannedForEncodings = 0;
			knownRegions = (
				en,
				Base,
			);
			mainGroup = D98D096A1ECAAD6800EDB5B8;
			productRefGroup = D98D09741ECAAD6800EDB5B8 /* Products */;
			projectDirPath = "";
			projectRoot = "";
			targets = (
				D98D09721ECAAD6800EDB5B8 /* OneOtwo */,
				D98D098B1ECAAD6800EDB5B8 /* OneOtwoTests */,
				D98D09961ECAAD6800EDB5B8 /* OneOtwoUITests */,
			);
		};
/* End PBXProject section */

/* Begin PBXResourcesBuildPhase section */
		D98D09711ECAAD6800EDB5B8 /* Resources */ = {
			isa = PBXResourcesBuildPhase;
			buildActionMask = 2147483647;
			files = (
				D98D09861ECAAD6800EDB5B8 /* LaunchScreen.storyboard in Resources */,
				D946E9FA1ECC40520087EBFF /* MBProgressHUD.bundle in Resources */,
				D946E9FD1ECC40D70087EBFF /* Assets.xcassets in Resources */,
				D98D09811ECAAD6800EDB5B8 /* Main.storyboard in Resources */,
			);
			runOnlyForDeploymentPostprocessing = 0;
		};
		D98D098A1ECAAD6800EDB5B8 /* Resources */ = {
			isa = PBXResourcesBuildPhase;
			buildActionMask = 2147483647;
			files = (
			);
			runOnlyForDeploymentPostprocessing = 0;
		};
		D98D09951ECAAD6800EDB5B8 /* Resources */ = {
			isa = PBXResourcesBuildPhase;
			buildActionMask = 2147483647;
			files = (
			);
			runOnlyForDeploymentPostprocessing = 0;
		};
/* End PBXResourcesBuildPhase section */

/* Begin PBXShellScriptBuildPhase section */
		4BD8E620CD5E534256133A23 /* [CP] Embed Pods Frameworks */ = {
			isa = PBXShellScriptBuildPhase;
			buildActionMask = 2147483647;
			files = (
			);
			inputPaths = (
			);
			name = "[CP] Embed Pods Frameworks";
			outputPaths = (
			);
			runOnlyForDeploymentPostprocessing = 0;
			shellPath = /bin/sh;
			shellScript = "\"${SRCROOT}/Pods/Target Support Files/Pods-OneOtwo/Pods-OneOtwo-frameworks.sh\"\n";
			showEnvVarsInLog = 0;
		};
		6B5C1B1FC69DB6E918D4BEE8 /* [CP] Copy Pods Resources */ = {
			isa = PBXShellScriptBuildPhase;
			buildActionMask = 2147483647;
			files = (
			);
			inputPaths = (
			);
			name = "[CP] Copy Pods Resources";
			outputPaths = (
			);
			runOnlyForDeploymentPostprocessing = 0;
			shellPath = /bin/sh;
			shellScript = "\"${SRCROOT}/Pods/Target Support Files/Pods-OneOtwo/Pods-OneOtwo-resources.sh\"\n";
			showEnvVarsInLog = 0;
		};
		C24E5518138A52C4F2FAA402 /* [CP] Check Pods Manifest.lock */ = {
			isa = PBXShellScriptBuildPhase;
			buildActionMask = 2147483647;
			files = (
			);
			inputPaths = (
			);
			name = "[CP] Check Pods Manifest.lock";
			outputPaths = (
			);
			runOnlyForDeploymentPostprocessing = 0;
			shellPath = /bin/sh;
			shellScript = "diff \"${PODS_PODFILE_DIR_PATH}/Podfile.lock\" \"${PODS_ROOT}/Manifest.lock\" > /dev/null\nif [ $? != 0 ] ; then\n    # print error to STDERR\n    echo \"error: The sandbox is not in sync with the Podfile.lock. Run 'pod install' or update your CocoaPods installation.\" >&2\n    exit 1\nfi\n";
			showEnvVarsInLog = 0;
		};
/* End PBXShellScriptBuildPhase section */

/* Begin PBXSourcesBuildPhase section */
		D98D096F1ECAAD6800EDB5B8 /* Sources */ = {
			isa = PBXSourcesBuildPhase;
			buildActionMask = 2147483647;
			files = (
				D98D097E1ECAAD6800EDB5B8 /* ViewController.m in Sources */,
				D946E9F91ECC40520087EBFF /* MBProgressHUD+NJ.m in Sources */,
				D946E9FB1ECC40520087EBFF /* MBProgressHUD.m in Sources */,
				D98D097B1ECAAD6800EDB5B8 /* AppDelegate.m in Sources */,
				D98D09781ECAAD6800EDB5B8 /* main.m in Sources */,
			);
			runOnlyForDeploymentPostprocessing = 0;
		};
		D98D09881ECAAD6800EDB5B8 /* Sources */ = {
			isa = PBXSourcesBuildPhase;
			buildActionMask = 2147483647;
			files = (
				D98D09911ECAAD6800EDB5B8 /* OneOtwoTests.m in Sources */,
			);
			runOnlyForDeploymentPostprocessing = 0;
		};
		D98D09931ECAAD6800EDB5B8 /* Sources */ = {
			isa = PBXSourcesBuildPhase;
			buildActionMask = 2147483647;
			files = (
				D98D099C1ECAAD6800EDB5B8 /* OneOtwoUITests.m in Sources */,
			);
			runOnlyForDeploymentPostprocessing = 0;
		};
/* End PBXSourcesBuildPhase section */

/* Begin PBXTargetDependency section */
		D98D098E1ECAAD6800EDB5B8 /* PBXTargetDependency */ = {
			isa = PBXTargetDependency;
			target = D98D09721ECAAD6800EDB5B8 /* OneOtwo */;
			targetProxy = D98D098D1ECAAD6800EDB5B8 /* PBXContainerItemProxy */;
		};
		D98D09991ECAAD6800EDB5B8 /* PBXTargetDependency */ = {
			isa = PBXTargetDependency;
			target = D98D09721ECAAD6800EDB5B8 /* OneOtwo */;
			targetProxy = D98D09981ECAAD6800EDB5B8 /* PBXContainerItemProxy */;
		};
/* End PBXTargetDependency section */

/* Begin PBXVariantGroup section */
		D98D097F1ECAAD6800EDB5B8 /* Main.storyboard */ = {
			isa = PBXVariantGroup;
			children = (
				D98D09801ECAAD6800EDB5B8 /* Base */,
			);
			name = Main.storyboard;
			sourceTree = "<group>";
		};
		D98D09841ECAAD6800EDB5B8 /* LaunchScreen.storyboard */ = {
			isa = PBXVariantGroup;
			children = (
				D98D09851ECAAD6800EDB5B8 /* Base */,
			);
			name = LaunchScreen.storyboard;
			sourceTree = "<group>";
		};
/* End PBXVariantGroup section */

/* Begin XCBuildConfiguration section */
		D98D099E1ECAAD6800EDB5B8 /* Debug */ = {
			isa = XCBuildConfiguration;
			buildSettings = {
				ALWAYS_SEARCH_USER_PATHS = NO;
				CLANG_ANALYZER_NONNULL = YES;
				CLANG_ANALYZER_NUMBER_OBJECT_CONVERSION = YES_AGGRESSIVE;
				CLANG_CXX_LANGUAGE_STANDARD = "gnu++0x";
				CLANG_CXX_LIBRARY = "libc++";
				CLANG_ENABLE_MODULES = YES;
				CLANG_ENABLE_OBJC_ARC = YES;
				CLANG_WARN_BOOL_CONVERSION = YES;
				CLANG_WARN_CONSTANT_CONVERSION = YES;
				CLANG_WARN_DIRECT_OBJC_ISA_USAGE = YES_ERROR;
				CLANG_WARN_DOCUMENTATION_COMMENTS = YES;
				CLANG_WARN_EMPTY_BODY = YES;
				CLANG_WARN_ENUM_CONVERSION = YES;
				CLANG_WARN_INFINITE_RECURSION = YES;
				CLANG_WARN_INT_CONVERSION = YES;
				CLANG_WARN_OBJC_ROOT_CLASS = YES_ERROR;
				CLANG_WARN_SUSPICIOUS_MOVE = YES;
				CLANG_WARN_UNREACHABLE_CODE = YES;
				CLANG_WARN__DUPLICATE_METHOD_MATCH = YES;
				"CODE_SIGN_IDENTITY[sdk=iphoneos*]" = "iPhone Developer";
				COPY_PHASE_STRIP = NO;
				DEBUG_INFORMATION_FORMAT = dwarf;
				ENABLE_STRICT_OBJC_MSGSEND = YES;
				ENABLE_TESTABILITY = YES;
				GCC_C_LANGUAGE_STANDARD = gnu99;
				GCC_DYNAMIC_NO_PIC = NO;
				GCC_NO_COMMON_BLOCKS = YES;
				GCC_OPTIMIZATION_LEVEL = 0;
				GCC_PREPROCESSOR_DEFINITIONS = (
					"DEBUG=1",
					"$(inherited)",
				);
				GCC_WARN_64_TO_32_BIT_CONVERSION = YES;
				GCC_WARN_ABOUT_RETURN_TYPE = YES_ERROR;
				GCC_WARN_UNDECLARED_SELECTOR = YES;
				GCC_WARN_UNINITIALIZED_AUTOS = YES_AGGRESSIVE;
				GCC_WARN_UNUSED_FUNCTION = YES;
				GCC_WARN_UNUSED_VARIABLE = YES;
				IPHONEOS_DEPLOYMENT_TARGET = 10.3;
				MTL_ENABLE_DEBUG_INFO = YES;
				ONLY_ACTIVE_ARCH = YES;
				SDKROOT = iphoneos;
				TARGETED_DEVICE_FAMILY = "1,2";
			};
			name = Debug;
		};
		D98D099F1ECAAD6800EDB5B8 /* Release */ = {
			isa = XCBuildConfiguration;
			buildSettings = {
				ALWAYS_SEARCH_USER_PATHS = NO;
				CLANG_ANALYZER_NONNULL = YES;
				CLANG_ANALYZER_NUMBER_OBJECT_CONVERSION = YES_AGGRESSIVE;
				CLANG_CXX_LANGUAGE_STANDARD = "gnu++0x";
				CLANG_CXX_LIBRARY = "libc++";
				CLANG_ENABLE_MODULES = YES;
				CLANG_ENABLE_OBJC_ARC = YES;
				CLANG_WARN_BOOL_CONVERSION = YES;
				CLANG_WARN_CONSTANT_CONVERSION = YES;
				CLANG_WARN_DIRECT_OBJC_ISA_USAGE = YES_ERROR;
				CLANG_WARN_DOCUMENTATION_COMMENTS = YES;
				CLANG_WARN_EMPTY_BODY = YES;
				CLANG_WARN_ENUM_CONVERSION = YES;
				CLANG_WARN_INFINITE_RECURSION = YES;
				CLANG_WARN_INT_CONVERSION = YES;
				CLANG_WARN_OBJC_ROOT_CLASS = YES_ERROR;
				CLANG_WARN_SUSPICIOUS_MOVE = YES;
				CLANG_WARN_UNREACHABLE_CODE = YES;
				CLANG_WARN__DUPLICATE_METHOD_MATCH = YES;
				"CODE_SIGN_IDENTITY[sdk=iphoneos*]" = "iPhone Developer";
				COPY_PHASE_STRIP = NO;
				DEBUG_INFORMATION_FORMAT = "dwarf-with-dsym";
				ENABLE_NS_ASSERTIONS = NO;
				ENABLE_STRICT_OBJC_MSGSEND = YES;
				GCC_C_LANGUAGE_STANDARD = gnu99;
				GCC_NO_COMMON_BLOCKS = YES;
				GCC_WARN_64_TO_32_BIT_CONVERSION = YES;
				GCC_WARN_ABOUT_RETURN_TYPE = YES_ERROR;
				GCC_WARN_UNDECLARED_SELECTOR = YES;
				GCC_WARN_UNINITIALIZED_AUTOS = YES_AGGRESSIVE;
				GCC_WARN_UNUSED_FUNCTION = YES;
				GCC_WARN_UNUSED_VARIABLE = YES;
				IPHONEOS_DEPLOYMENT_TARGET = 10.3;
				MTL_ENABLE_DEBUG_INFO = NO;
				SDKROOT = iphoneos;
				TARGETED_DEVICE_FAMILY = "1,2";
				VALIDATE_PRODUCT = YES;
			};
			name = Release;
		};
		D98D09A11ECAAD6800EDB5B8 /* Debug */ = {
			isa = XCBuildConfiguration;
			baseConfigurationReference = F714653E37B23CA10A2F2525 /* Pods-OneOtwo.debug.xcconfig */;
			buildSettings = {
				ASSETCATALOG_COMPILER_APPICON_NAME = AppIcon;
				DEVELOPMENT_TEAM = LSX7L7U8WD;
				GCC_PRECOMPILE_PREFIX_HEADER = YES;
				GCC_PREFIX_HEADER = "$(SRCROOT)/OneOTwo/OneOTwoPrefixHeader.pch";
				INFOPLIST_FILE = OneOtwo/Info.plist;
				LD_RUNPATH_SEARCH_PATHS = "$(inherited) @executable_path/Frameworks";
				PRODUCT_BUNDLE_IDENTIFIER = com.glx.OneOtwo;
				PRODUCT_NAME = "$(TARGET_NAME)";
			};
			name = Debug;
		};
		D98D09A21ECAAD6800EDB5B8 /* Release */ = {
			isa = XCBuildConfiguration;
			baseConfigurationReference = 9B546DCBBFB6DB4125ACDAC8 /* Pods-OneOtwo.release.xcconfig */;
			buildSettings = {
				ASSETCATALOG_COMPILER_APPICON_NAME = AppIcon;
				DEVELOPMENT_TEAM = LSX7L7U8WD;
				GCC_PRECOMPILE_PREFIX_HEADER = YES;
				GCC_PREFIX_HEADER = "$(SRCROOT)/OneOTwo/OneOTwoPrefixHeader.pch";
				INFOPLIST_FILE = OneOtwo/Info.plist;
				LD_RUNPATH_SEARCH_PATHS = "$(inherited) @executable_path/Frameworks";
				PRODUCT_BUNDLE_IDENTIFIER = com.glx.OneOtwo;
				PRODUCT_NAME = "$(TARGET_NAME)";
			};
			name = Release;
		};
		D98D09A41ECAAD6800EDB5B8 /* Debug */ = {
			isa = XCBuildConfiguration;
			buildSettings = {
				BUNDLE_LOADER = "$(TEST_HOST)";
				INFOPLIST_FILE = OneOtwoTests/Info.plist;
				LD_RUNPATH_SEARCH_PATHS = "$(inherited) @executable_path/Frameworks @loader_path/Frameworks";
				PRODUCT_BUNDLE_IDENTIFIER = com.glx.OneOtwoTests;
				PRODUCT_NAME = "$(TARGET_NAME)";
				TEST_HOST = "$(BUILT_PRODUCTS_DIR)/OneOtwo.app/OneOtwo";
			};
			name = Debug;
		};
		D98D09A51ECAAD6800EDB5B8 /* Release */ = {
			isa = XCBuildConfiguration;
			buildSettings = {
				BUNDLE_LOADER = "$(TEST_HOST)";
				INFOPLIST_FILE = OneOtwoTests/Info.plist;
				LD_RUNPATH_SEARCH_PATHS = "$(inherited) @executable_path/Frameworks @loader_path/Frameworks";
				PRODUCT_BUNDLE_IDENTIFIER = com.glx.OneOtwoTests;
				PRODUCT_NAME = "$(TARGET_NAME)";
				TEST_HOST = "$(BUILT_PRODUCTS_DIR)/OneOtwo.app/OneOtwo";
			};
			name = Release;
		};
		D98D09A71ECAAD6800EDB5B8 /* Debug */ = {
			isa = XCBuildConfiguration;
			buildSettings = {
				INFOPLIST_FILE = OneOtwoUITests/Info.plist;
				LD_RUNPATH_SEARCH_PATHS = "$(inherited) @executable_path/Frameworks @loader_path/Frameworks";
				PRODUCT_BUNDLE_IDENTIFIER = com.glx.OneOtwoUITests;
				PRODUCT_NAME = "$(TARGET_NAME)";
				TEST_TARGET_NAME = OneOtwo;
			};
			name = Debug;
		};
		D98D09A81ECAAD6800EDB5B8 /* Release */ = {
			isa = XCBuildConfiguration;
			buildSettings = {
				INFOPLIST_FILE = OneOtwoUITests/Info.plist;
				LD_RUNPATH_SEARCH_PATHS = "$(inherited) @executable_path/Frameworks @loader_path/Frameworks";
				PRODUCT_BUNDLE_IDENTIFIER = com.glx.OneOtwoUITests;
				PRODUCT_NAME = "$(TARGET_NAME)";
				TEST_TARGET_NAME = OneOtwo;
			};
			name = Release;
		};
/* End XCBuildConfiguration section */

/* Begin XCConfigurationList section */
		D98D096E1ECAAD6800EDB5B8 /* Build configuration list for PBXProject "OneOtwo" */ = {
			isa = XCConfigurationList;
			buildConfigurations = (
				D98D099E1ECAAD6800EDB5B8 /* Debug */,
				D98D099F1ECAAD6800EDB5B8 /* Release */,
			);
			defaultConfigurationIsVisible = 0;
			defaultConfigurationName = Release;
		};
		D98D09A01ECAAD6800EDB5B8 /* Build configuration list for PBXNativeTarget "OneOtwo" */ = {
			isa = XCConfigurationList;
			buildConfigurations = (
				D98D09A11ECAAD6800EDB5B8 /* Debug */,
				D98D09A21ECAAD6800EDB5B8 /* Release */,
			);
			defaultConfigurationIsVisible = 0;
			defaultConfigurationName = Release;
		};
		D98D09A31ECAAD6800EDB5B8 /* Build configuration list for PBXNativeTarget "OneOtwoTests" */ = {
			isa = XCConfigurationList;
			buildConfigurations = (
				D98D09A41ECAAD6800EDB5B8 /* Debug */,
				D98D09A51ECAAD6800EDB5B8 /* Release */,
			);
			defaultConfigurationIsVisible = 0;
			defaultConfigurationName = Release;
		};
		D98D09A61ECAAD6800EDB5B8 /* Build configuration list for PBXNativeTarget "OneOtwoUITests" */ = {
			isa = XCConfigurationList;
			buildConfigurations = (
				D98D09A71ECAAD6800EDB5B8 /* Debug */,
				D98D09A81ECAAD6800EDB5B8 /* Release */,
			);
			defaultConfigurationIsVisible = 0;
			defaultConfigurationName = Release;
		};
/* End XCConfigurationList section */
	};
	rootObject = D98D096B1ECAAD6800EDB5B8 /* Project object */;
}
